
Microsoft Visual Studio Solution File, Format Version 11.00
# Visual Studio 2010
Project("{FAE04EC0-301F-11D3-BF4B-00C04F79EFBC}") = "xRollerBall", "Assembly-CSharp.csproj", "{764CE051-8861-5B10-C9A8-4B1601258C4C}"
EndProject
Project("{FAE04EC0-301F-11D3-BF4B-00C04F79EFBC}") = "xRollerBall", "Assembly-CSharp-Editor.csproj", "{377867AC-AD39-C99F-DF3D-A3C0DC01AD89}"
EndProject
Global
	GlobalSection(SolutionConfigurationPlatforms) = preSolution
		Debug|Any CPU = Debug|Any CPU
		Release|Any CPU = Release|Any CPU
	EndGlobalSection
	GlobalSection(ProjectConfigurationPlatforms) = postSolution
		{764CE051-8861-5B10-C9A8-4B1601258C4C}.Debug|Any CPU.ActiveCfg = Debug|Any CPU
		{764CE051-8861-5B10-C9A8-4B1601258C4C}.Debug|Any CPU.Build.0 = Debug|Any CPU
		{764CE051-8861-5B10-C9A8-4B1601258C4C}.Release|Any CPU.ActiveCfg = Release|Any CPU
		{764CE051-8861-5B10-C9A8-4B1601258C4C}.Release|Any CPU.Build.0 = Release|Any CPU
		{377867AC-AD39-C99F-DF3D-A3C0DC01AD89}.Debug|Any CPU.ActiveCfg = Debug|Any CPU
		{377867AC-AD39-C99F-DF3D-A3C0DC01AD89}.Debug|Any CPU.Build.0 = Debug|Any CPU
		{377867AC-AD39-C99F-DF3D-A3C0DC01AD89}.Release|Any CPU.ActiveCfg = Release|Any CPU
		{377867AC-AD39-C99F-DF3D-A3C0DC01AD89}.Release|Any CPU.Build.0 = Release|Any CPU
	EndGlobalSection
	GlobalSection(SolutionProperties) = preSolution
		HideSolutionNode = FALSE
	EndGlobalSection
	GlobalSection(MonoDevelopProperties) = preSolution
		StartupItem = Assembly-CSharp.csproj
	EndGlobalSection
EndGlobal
